
Microsoft Visual Studio Solution File, Format Version 12.00
# Visual Studio 15
VisualStudioVersion = 15.0.27703.2026
MinimumVisualStudioVersion = 10.0.40219.1
Project("{FAE04EC0-301F-11D3-BF4B-00C04F79EFBC}") = "First Name_Last Name", "First Name_Last Name\First Name_Last Name.csproj", "{0FB063CE-32CA-4F68-A299-2B1487DB4CD6}"
EndProject
Global
	GlobalSection(SolutionConfigurationPlatforms) = preSolution
		Debug|Any CPU = Debug|Any CPU
		Release|Any CPU = Release|Any CPU
	EndGlobalSection
	GlobalSection(ProjectConfigurationPlatforms) = postSolution
		{0FB063CE-32CA-4F68-A299-2B1487DB4CD6}.Debug|Any CPU.ActiveCfg = Debug|Any CPU
		{0FB063CE-32CA-4F68-A299-2B1487DB4CD6}.Debug|Any CPU.Build.0 = Debug|Any CPU
		{0FB063CE-32CA-4F68-A299-2B1487DB4CD6}.Release|Any CPU.ActiveCfg = Release|Any CPU
		{0FB063CE-32CA-4F68-A299-2B1487DB4CD6}.Release|Any CPU.Build.0 = Release|Any CPU
	EndGlobalSection
	GlobalSection(SolutionProperties) = preSolution
		HideSolutionNode = FALSE
	EndGlobalSection
	GlobalSection(ExtensibilityGlobals) = postSolution
		SolutionGuid = {0173ADFE-5900-4D2E-9772-FB2D39DA16F0}
	EndGlobalSection
EndGlobal
